{
  "requires": true,
  "lockfileVersion": 1,
  "dependencies": {
    "@fullcalendar/common": {
      "version": "5.10.1",
      "resolved": "https://registry.npmjs.org/@fullcalendar/common/-/common-5.10.1.tgz",
      "integrity": "sha512-EumKIJcQTvQdTs75/9dmeREFgjcRVWzqHJS1Xvlz5mNsmB+w9EINCHETRjChtAQg1WD/lTQyVj4sHsKO7vCMSw==",
      "requires": {
        "tslib": "^2.1.0"
      }
    },
    "@fullcalendar/core": {
      "version": "5.10.1",
      "resolved": "https://registry.npmjs.org/@fullcalendar/core/-/core-5.10.1.tgz",
      "integrity": "sha512-8sVuC6ywXV+cxqsqTZaR1hgUqeyjVed20NyZ7lGW9AY0kma1GIEwLgqPS5Q6uVhHyin68lmgecKfJCwhxENE8w==",
      "requires": {
        "@fullcalendar/common": "~5.10.1",
        "preact": "^10.0.5",
        "tslib": "^2.1.0"
      }
    },
    "@fullcalendar/daygrid": {
      "version": "5.10.1",
      "resolved": "https://registry.npmjs.org/@fullcalendar/daygrid/-/daygrid-5.10.1.tgz",
      "integrity": "sha512-sfUMP+rew0krsBffgNcWWKhBCiyytGfRKZJoc64E8ohX7VWjPcPZuB1xgO5U4wPLmNkT0rZiHoGeQGTXw1+ZKg==",
      "requires": {
        "@fullcalendar/common": "~5.10.1",
        "tslib": "^2.1.0"
      }
    },
    "@fullcalendar/list": {
      "version": "5.10.1",
      "resolved": "https://registry.npmjs.org/@fullcalendar/list/-/list-5.10.1.tgz",
      "integrity": "sha512-sB+AzM9P1nzGIzwVFNN8Zbocg5lkVQftyuJAZtULgu9o9e1rH/Aqsxt9Itf00N3WmMOh8H1LlnRpZF5kGu/j2w==",
      "requires": {
        "@fullcalendar/common": "~5.10.1",
        "tslib": "^2.1.0"
      }
    },
    "@fullcalendar/timegrid": {
      "version": "5.10.1",
      "resolved": "https://registry.npmjs.org/@fullcalendar/timegrid/-/timegrid-5.10.1.tgz",
      "integrity": "sha512-0O0m+JzFBlg8gxYr/rIjZViRlbndCtjZlDjjIylQHFBeWC32e3cpHEavKGbTIBLN8SDilUYAJnE21abSqC2G/w==",
      "requires": {
        "@fullcalendar/common": "~5.10.1",
        "@fullcalendar/daygrid": "~5.10.1",
        "tslib": "^2.1.0"
      }
    },
    "preact": {
      "version": "10.6.5",
      "resolved": "https://registry.npmjs.org/preact/-/preact-10.6.5.tgz",
      "integrity": "sha512-i+LXM6JiVjQXSt2jG2vZZFapGpCuk1fl8o6ii3G84MA3xgj686FKjs4JFDkmUVhtxyq21+4ay74zqPykz9hU6w=="
    },
    "tslib": {
      "version": "2.3.1",
      "resolved": "https://registry.npmjs.org/tslib/-/tslib-2.3.1.tgz",
      "integrity": "sha512-77EbyPPpMz+FRFRuAFlWMtmgUWGe9UOG2Z25NqCwiIjRhOf5iKGuzSe5P2w1laq+FkRy4p+PCuVkJSGkzTEKVw=="
    }
  }
}
